{
  "name": "@lion/lion-front-core",
  "version": "1.0.1",
  "lockfileVersion": 1,
  "requires": true,
  "dependencies": {
    "@ant-design-vue/use": {
      "version": "0.0.1-alpha.6",
      "resolved": "http://127.0.0.1:8081/repository/npm-public/@ant-design-vue/use/-/use-0.0.1-alpha.6.tgz",
      "integrity": "sha512-vyLeiVbi4KdCvkRhHFGyYhe2bZ6y0RJupw7+bdCGRrx4oHb/Rsm8MTqs8Nl1k0lX9qQIvNAoa6Rxf3FQH6nI7g==",
      "requires": {
        "@vue/runtime-dom": "^3.0.0-rc.1",
        "async-validator": "^3.4.0",
        "lodash-es": "^4.17.15",
        "resize-observer-polyfill": "^1.5.1"
      }
    },
    "@ant-design/colors": {
      "version": "4.0.5",
      "resolved": "http://127.0.0.1:8081/repository/npm-public/@ant-design/colors/-/colors-4.0.5.tgz",
      "integrity": "sha512-3mnuX2prnWOWvpFTS2WH2LoouWlOgtnIpc6IarWN6GOzzLF8dW/U8UctuvIPhoboETehZfJ61XP+CGakBEPJ3Q==",
      "requires": {
        "tinycolor2": "^1.4.1"
      }
    },
    "@ant-design/icons-svg": {
      "version": "4.1.0",
      "resolved": "http://127.0.0.1:8081/repository/npm-public/@ant-design/icons-svg/-/icons-svg-4.1.0.tgz",
      "integrity": "sha512-Fi03PfuUqRs76aI3UWYpP864lkrfPo0hluwGqh7NJdLhvH4iRDc3jbJqZIvRDLHKbXrvAfPPV3+zjUccfFvWOQ=="
    },
    "@ant-design/icons-vue": {
      "version": "5.1.5",
      "resolved": "http://127.0.0.1:8081/repository/npm-public/@ant-design/icons-vue/-/icons-vue-5.1.5.tgz",
      "integrity": "sha512-j1qHhzFCLh4UNoOoVNDFKp4qbzX2bpc/am+rNCqNDeze/TpbQ38nSBSmNPucHuD7koQtAjBW+AIcnToYCgKvpA==",
      "requires": {
        "@ant-design/colors": "^4.0.0",
        "@ant-design/icons-svg": "^4.0.0",
        "@babel/runtime": "^7.10.4",
        "lodash": "^4.17.15"
      }
    },
    "@babel/helper-validator-identifier": {
      "version": "7.10.4",
      "resolved": "http://127.0.0.1:8081/repository/npm-public/@babel/helper-validator-identifier/-/helper-validator-identifier-7.10.4.tgz",
      "integrity": "sha512-3U9y+43hz7ZM+rzG24Qe2mufW5KhvFg/NhnNph+i9mgCtdTCtMJuI1TMkrIUiK7Ix4PYlRF9I5dhqaLYA/ADXw=="
    },
    "@babel/parser": {
      "version": "7.11.5",
      "resolved": "http://127.0.0.1:8081/repository/npm-public/@babel/parser/-/parser-7.11.5.tgz",
      "integrity": "sha512-X9rD8qqm695vgmeaQ4fvz/o3+Wk4ZzQvSHkDBgpYKxpD4qTAUm88ZKtHkVqIOsYFFbIQ6wQYhC6q7pjqVK0E0Q=="
    },
    "@babel/runtime": {
      "version": "7.11.2",
      "resolved": "http://127.0.0.1:8081/repository/npm-public/@babel/runtime/-/runtime-7.11.2.tgz",
      "integrity": "sha512-TeWkU52so0mPtDcaCTxNBI/IHiz0pZgr8VEFqXFtZWpYD08ZB6FaSwVAS8MKRQAP3bYKiVjwysOJgMFY28o6Tw==",
      "requires": {
        "regenerator-runtime": "^0.13.4"
      }
    },
    "@babel/types": {
      "version": "7.11.5",
      "resolved": "http://127.0.0.1:8081/repository/npm-public/@babel/types/-/types-7.11.5.tgz",
      "integrity": "sha512-bvM7Qz6eKnJVFIn+1LPtjlBFPVN5jNDc1XmN15vWe7Q3DPBufWWsLiIvUu7xW87uTG6QoggpIDnUgLQvPheU+Q==",
      "requires": {
        "@babel/helper-validator-identifier": "^7.10.4",
        "lodash": "^4.17.19",
        "to-fast-properties": "^2.0.0"
      }
    },
    "@lion/lion-front-dependencies": {
      "version": "1.0.1",
      "resolved": "http://127.0.0.1:8081/repository/npm-public/@lion/lion-front-dependencies/-/lion-front-dependencies-1.0.1.tgz",
      "integrity": "sha512-fryEhN/bNerjE83LpBYW32i+AhvVExMKBnPAyUUqALmWf1awVmCudpcq1vJwuae93Wks6GojwGn+prH9Rj5iOA==",
      "requires": {
        "ant-design-vue": "2.0.0-beta.10",
        "axios": "0.20.0",
        "core-js": "3.6.5",
        "vue": "3.0.0",
        "vue-router": "3.4.5",
        "vuex": "3.5.1",
        "vuex-class": "0.3.2"
      }
    },
    "@simonwep/pickr": {
      "version": "1.7.4",
      "resolved": "http://127.0.0.1:8081/repository/npm-public/@simonwep/pickr/-/pickr-1.7.4.tgz",
      "integrity": "sha512-fq7jgKJT21uWGC1mARBHvvd1JYlEf93o7SuVOB4Lr0x/2UPuNC9Oe9n/GzVeg4oVtqMDfh1wIEJpsdOJEZb+3g==",
      "requires": {
        "core-js": "^3.6.5",
        "nanopop": "^2.1.0"
      }
    },
    "@types/node": {
      "version": "14.6.0",
      "resolved": "http://127.0.0.1:8081/repository/npm-public/@types/node/-/node-14.6.0.tgz",
      "integrity": "sha512-mikldZQitV94akrc4sCcSjtJfsTKt4p+e/s0AGscVA6XArQ9kFclP+ZiYUMnq987rc6QlYxXv/EivqlfSLxpKA==",
      "dev": true
    },
    "@vue/compiler-core": {
      "version": "3.0.0",
      "resolved": "http://127.0.0.1:8081/repository/npm-public/@vue/compiler-core/-/compiler-core-3.0.0.tgz",
      "integrity": "sha512-XqPC7vdv4rFE77S71oCHmT1K4Ks3WE2Gi6Lr4B5wn0Idmp+NyQQBUHsCNieMDRiEpgtJrw+yOHslrsV0AfAsfQ==",
      "requires": {
        "@babel/parser": "^7.11.5",
        "@babel/types": "^7.11.5",
        "@vue/shared": "3.0.0",
        "estree-walker": "^2.0.1",
        "source-map": "^0.6.1"
      }
    },
    "@vue/compiler-dom": {
      "version": "3.0.0",
      "resolved": "http://127.0.0.1:8081/repository/npm-public/@vue/compiler-dom/-/compiler-dom-3.0.0.tgz",
      "integrity": "sha512-ukDEGOP8P7lCPyStuM3F2iD5w2QPgUu2xwCW2XNeqPjFKIlR2xMsWjy4raI/cLjN6W16GtlMFaZdK8tLj5PRog==",
      "requires": {
        "@vue/compiler-core": "3.0.0",
        "@vue/shared": "3.0.0"
      }
    },
    "@vue/reactivity": {
      "version": "3.0.0",
      "resolved": "http://127.0.0.1:8081/repository/npm-public/@vue/reactivity/-/reactivity-3.0.0.tgz",
      "integrity": "sha512-mEGkztGQrAPZRhV7C6PorrpT3+NtuA4dY2QjMzzrW31noKhssWTajRZTwpLF39NBRrF5UU6cp9+1I0FfavMgEQ==",
      "requires": {
        "@vue/shared": "3.0.0"
      }
    },
    "@vue/runtime-core": {
      "version": "3.0.0",
      "resolved": "http://127.0.0.1:8081/repository/npm-public/@vue/runtime-core/-/runtime-core-3.0.0.tgz",
      "integrity": "sha512-3ABMLeA0ZbeVNLbGGLXr+pNUwqXILOqz8WCVGfDWwQb+jW114Cm8djOHVVDoqdvRETQvDf8yHSUmpKHZpQuTkA==",
      "requires": {
        "@vue/reactivity": "3.0.0",
        "@vue/shared": "3.0.0"
      }
    },
    "@vue/runtime-dom": {
      "version": "3.0.0",
      "resolved": "http://127.0.0.1:8081/repository/npm-public/@vue/runtime-dom/-/runtime-dom-3.0.0.tgz",
      "integrity": "sha512-f312n5w9gK6mVvkDSj6/Xnot1XjlKXzFBYybmoy6ahAVC8ExbQ+LOWti1IZM/adU8VMNdKaw7Q53Hxz3y5jX8g==",
      "requires": {
        "@vue/runtime-core": "3.0.0",
        "@vue/shared": "3.0.0",
        "csstype": "^2.6.8"
      }
    },
    "@vue/shared": {
      "version": "3.0.0",
      "resolved": "http://127.0.0.1:8081/repository/npm-public/@vue/shared/-/shared-3.0.0.tgz",
      "integrity": "sha512-4XWL/avABGxU2E2ZF1eZq3Tj7fvksCMssDZUHOykBIMmh5d+KcAnQMC5XHMhtnA0NAvktYsA2YpdsVwVmhWzvA=="
    },
    "add-dom-event-listener": {
      "version": "1.1.0",
      "resolved": "http://127.0.0.1:8081/repository/npm-public/add-dom-event-listener/-/add-dom-event-listener-1.1.0.tgz",
      "integrity": "sha512-WCxx1ixHT0GQU9hb0KI/mhgRQhnU+U3GvwY6ZvVjYq8rsihIGoaIOUbY0yMPBxLH5MDtr0kz3fisWGNcbWW7Jw==",
      "requires": {
        "object-assign": "4.x"
      }
    },
    "ant-design-vue": {
      "version": "2.0.0-beta.10",
      "resolved": "http://127.0.0.1:8081/repository/npm-public/ant-design-vue/-/ant-design-vue-2.0.0-beta.10.tgz",
      "integrity": "sha512-32ZewKAvFBboluvBMsO7Y15LEWxnh2SO/J/h9Sq1qUEXqVt/HXwyg1KmFnSz2kc5j6Av5UtVjLu8rzHdZAOtTw==",
      "requires": {
        "@ant-design-vue/use": "^0.0.1-0",
        "@ant-design/icons-vue": "^5.1.5",
        "@babel/runtime": "^7.10.5",
        "@simonwep/pickr": "~1.7.0",
        "add-dom-event-listener": "^1.0.2",
        "array-tree-filter": "^2.1.0",
        "async-validator": "^3.3.0",
        "babel-helper-vue-jsx-merge-props": "^2.0.3",
        "component-classes": "^1.2.6",
        "dom-align": "^1.10.4",
        "dom-closest": "^0.2.0",
        "dom-scroll-into-view": "^2.0.0",
        "intersperse": "^1.0.0",
        "is-mobile": "^2.2.1",
        "is-negative-zero": "^2.0.0",
        "ismobilejs": "^1.0.0",
        "json2mq": "^0.2.0",
        "lodash-es": "^4.17.15",
        "moment": "^2.27.0",
        "node-emoji": "^1.10.0",
        "omit.js": "^2.0.0",
        "raf": "^3.4.0",
        "resize-observer-polyfill": "^1.5.1",
        "scroll-into-view-if-needed": "^2.2.25",
        "shallow-equal": "^1.0.0",
        "shallowequal": "^1.0.2",
        "warning": "^4.0.0"
      }
    },
    "array-tree-filter": {
      "version": "2.1.0",
      "resolved": "http://127.0.0.1:8081/repository/npm-public/array-tree-filter/-/array-tree-filter-2.1.0.tgz",
      "integrity": "sha512-4ROwICNlNw/Hqa9v+rk5h22KjmzB1JGTMVKP2AKJBOCgb0yL0ASf0+YvCcLNNwquOHNX48jkeZIJ3a+oOQqKcw=="
    },
    "async-validator": {
      "version": "3.4.0",
      "resolved": "http://127.0.0.1:8081/repository/npm-public/async-validator/-/async-validator-3.4.0.tgz",
      "integrity": "sha512-VrFk4eYiJAWKskEz115iiuCf9O0ftnMMPXrOFMqyzGH2KxO7YwncKyn/FgOOP+0MDHMfXL7gLExagCutaZGigA=="
    },
    "axios": {
      "version": "0.20.0",
      "resolved": "http://127.0.0.1:8081/repository/npm-public/axios/-/axios-0.20.0.tgz",
      "integrity": "sha512-ANA4rr2BDcmmAQLOKft2fufrtuvlqR+cXNNinUmvfeSNCOF98PZL+7M/v1zIdGo7OLjEA9J2gXJL+j4zGsl0bA==",
      "requires": {
        "follow-redirects": "^1.10.0"
      }
    },
    "babel-helper-vue-jsx-merge-props": {
      "version": "2.0.3",
      "resolved": "http://127.0.0.1:8081/repository/npm-public/babel-helper-vue-jsx-merge-props/-/babel-helper-vue-jsx-merge-props-2.0.3.tgz",
      "integrity": "sha512-gsLiKK7Qrb7zYJNgiXKpXblxbV5ffSwR0f5whkPAaBAR4fhi6bwRZxX9wBlIc5M/v8CCkXUbXZL4N/nSE97cqg=="
    },
    "balanced-match": {
      "version": "1.0.0",
      "resolved": "http://127.0.0.1:8081/repository/npm-public/balanced-match/-/balanced-match-1.0.0.tgz",
      "integrity": "sha1-ibTRmasr7kneFk6gK4nORi1xt2c=",
      "dev": true
    },
    "brace-expansion": {
      "version": "1.1.11",
      "resolved": "http://127.0.0.1:8081/repository/npm-public/brace-expansion/-/brace-expansion-1.1.11.tgz",
      "integrity": "sha512-iCuPHDFgrHX7H2vEI/5xpz07zSHB00TpugqhmYtVmMO6518mCuRMoOYFldEBl0g187ufozdaHgWKcYFb61qGiA==",
      "dev": true,
      "requires": {
        "balanced-match": "^1.0.0",
        "concat-map": "0.0.1"
      }
    },
    "component-classes": {
      "version": "1.2.6",
      "resolved": "http://127.0.0.1:8081/repository/npm-public/component-classes/-/component-classes-1.2.6.tgz",
      "integrity": "sha1-xkI5TDYYpNiwuJGe/Mu9kw5c1pE=",
      "requires": {
        "component-indexof": "0.0.3"
      }
    },
    "component-indexof": {
      "version": "0.0.3",
      "resolved": "http://127.0.0.1:8081/repository/npm-public/component-indexof/-/component-indexof-0.0.3.tgz",
      "integrity": "sha1-EdCRMSI5648yyPJa6csAL/6NPCQ="
    },
    "compute-scroll-into-view": {
      "version": "1.0.16",
      "resolved": "http://127.0.0.1:8081/repository/npm-public/compute-scroll-into-view/-/compute-scroll-into-view-1.0.16.tgz",
      "integrity": "sha512-a85LHKY81oQnikatZYA90pufpZ6sQx++BoCxOEMsjpZx+ZnaKGQnCyCehTRr/1p9GBIAHTjcU9k71kSYWloLiQ=="
    },
    "concat-map": {
      "version": "0.0.1",
      "resolved": "http://127.0.0.1:8081/repository/npm-public/concat-map/-/concat-map-0.0.1.tgz",
      "integrity": "sha1-2Klr13/Wjfd5OnMDajug1UBdR3s=",
      "dev": true
    },
    "core-js": {
      "version": "3.6.5",
      "resolved": "http://127.0.0.1:8081/repository/npm-public/core-js/-/core-js-3.6.5.tgz",
      "integrity": "sha512-vZVEEwZoIsI+vPEuoF9Iqf5H7/M3eeQqWlQnYa8FSKKePuYTf5MWnxb5SDAzCa60b3JBRS5g9b+Dq7b1y/RCrA=="
    },
    "csstype": {
      "version": "2.6.13",
      "resolved": "http://127.0.0.1:8081/repository/npm-public/csstype/-/csstype-2.6.13.tgz",
      "integrity": "sha512-ul26pfSQTZW8dcOnD2iiJssfXw0gdNVX9IJDH/X3K5DGPfj+fUYe3kB+swUY6BF3oZDxaID3AJt+9/ojSAE05A=="
    },
    "dom-align": {
      "version": "1.12.0",
      "resolved": "http://127.0.0.1:8081/repository/npm-public/dom-align/-/dom-align-1.12.0.tgz",
      "integrity": "sha512-YkoezQuhp3SLFGdOlr5xkqZ640iXrnHAwVYcDg8ZKRUtO7mSzSC2BA5V0VuyAwPSJA4CLIc6EDDJh4bEsD2+zA=="
    },
    "dom-closest": {
      "version": "0.2.0",
      "resolved": "http://127.0.0.1:8081/repository/npm-public/dom-closest/-/dom-closest-0.2.0.tgz",
      "integrity": "sha1-69n5HRvyLo1vR3h2u80+yQIWwM8=",
      "requires": {
        "dom-matches": ">=1.0.1"
      }
    },
    "dom-matches": {
      "version": "2.0.0",
      "resolved": "http://127.0.0.1:8081/repository/npm-public/dom-matches/-/dom-matches-2.0.0.tgz",
      "integrity": "sha1-0nKLQWqHUzmA6wibhI0lPPI6dYw="
    },
    "dom-scroll-into-view": {
      "version": "2.0.1",
      "resolved": "http://127.0.0.1:8081/repository/npm-public/dom-scroll-into-view/-/dom-scroll-into-view-2.0.1.tgz",
      "integrity": "sha512-bvVTQe1lfaUr1oFzZX80ce9KLDlZ3iU+XGNE/bz9HnGdklTieqsbmsLHe+rT2XWqopvL0PckkYqN7ksmm5pe3w=="
    },
    "estree-walker": {
      "version": "2.0.1",
      "resolved": "http://127.0.0.1:8081/repository/npm-public/estree-walker/-/estree-walker-2.0.1.tgz",
      "integrity": "sha512-tF0hv+Yi2Ot1cwj9eYHtxC0jB9bmjacjQs6ZBTj82H8JwUywFuc+7E83NWfNMwHXZc11mjfFcVXPe9gEP4B8dg=="
    },
    "follow-redirects": {
      "version": "1.13.0",
      "resolved": "http://127.0.0.1:8081/repository/npm-public/follow-redirects/-/follow-redirects-1.13.0.tgz",
      "integrity": "sha512-aq6gF1BEKje4a9i9+5jimNFIpq4Q1WiwBToeRK5NvZBd/TRsmW8BsJfOEGkr76TbOyPVD3OVDN910EcUNtRYEA=="
    },
    "fs.realpath": {
      "version": "1.0.0",
      "resolved": "http://127.0.0.1:8081/repository/npm-public/fs.realpath/-/fs.realpath-1.0.0.tgz",
      "integrity": "sha1-FQStJSMVjKpA20onh8sBQRmU6k8=",
      "dev": true
    },
    "glob": {
      "version": "7.1.6",
      "resolved": "http://127.0.0.1:8081/repository/npm-public/glob/-/glob-7.1.6.tgz",
      "integrity": "sha512-LwaxwyZ72Lk7vZINtNNrywX0ZuLyStrdDtabefZKAY5ZGJhVtgdznluResxNmPitE0SAO+O26sWTHeKSI2wMBA==",
      "dev": true,
      "requires": {
        "fs.realpath": "^1.0.0",
        "inflight": "^1.0.4",
        "inherits": "2",
        "minimatch": "^3.0.4",
        "once": "^1.3.0",
        "path-is-absolute": "^1.0.0"
      }
    },
    "inflight": {
      "version": "1.0.6",
      "resolved": "http://127.0.0.1:8081/repository/npm-public/inflight/-/inflight-1.0.6.tgz",
      "integrity": "sha1-Sb1jMdfQLQwJvJEKEHW6gWW1bfk=",
      "dev": true,
      "requires": {
        "once": "^1.3.0",
        "wrappy": "1"
      }
    },
    "inherits": {
      "version": "2.0.4",
      "resolved": "http://127.0.0.1:8081/repository/npm-public/inherits/-/inherits-2.0.4.tgz",
      "integrity": "sha512-k/vGaX4/Yla3WzyMCvTQOXYeIHvqOKtnqBduzTHpzpQZzAskKMhZ2K+EnBiSM9zGSoIFeMpXKxa4dYeZIQqewQ==",
      "dev": true
    },
    "intersperse": {
      "version": "1.0.0",
      "resolved": "http://127.0.0.1:8081/repository/npm-public/intersperse/-/intersperse-1.0.0.tgz",
      "integrity": "sha1-8lYfsc/vn1J3zDNHoiiGtDUaUYE="
    },
    "is-mobile": {
      "version": "2.2.2",
      "resolved": "http://127.0.0.1:8081/repository/npm-public/is-mobile/-/is-mobile-2.2.2.tgz",
      "integrity": "sha512-wW/SXnYJkTjs++tVK5b6kVITZpAZPtUrt9SF80vvxGiF/Oywal+COk1jlRkiVq15RFNEQKQY31TkV24/1T5cVg=="
    },
    "is-negative-zero": {
      "version": "2.0.0",
      "resolved": "http://127.0.0.1:8081/repository/npm-public/is-negative-zero/-/is-negative-zero-2.0.0.tgz",
      "integrity": "sha1-lVOxIbD6wohp2p7UWeIMdUN4hGE="
    },
    "ismobilejs": {
      "version": "1.1.1",
      "resolved": "http://127.0.0.1:8081/repository/npm-public/ismobilejs/-/ismobilejs-1.1.1.tgz",
      "integrity": "sha512-VaFW53yt8QO61k2WJui0dHf4SlL8lxBofUuUmwBo0ljPk0Drz2TiuDW4jo3wDcv41qy/SxrJ+VAzJ/qYqsmzRw=="
    },
    "js-tokens": {
      "version": "4.0.0",
      "resolved": "http://127.0.0.1:8081/repository/npm-public/js-tokens/-/js-tokens-4.0.0.tgz",
      "integrity": "sha512-RdJUflcE3cUzKiMqQgsCu06FPu9UdIJO0beYbPhHN4k6apgJtifcoCtT9bcxOpYBtpD2kCM6Sbzg4CausW/PKQ=="
    },
    "json2mq": {
      "version": "0.2.0",
      "resolved": "http://127.0.0.1:8081/repository/npm-public/json2mq/-/json2mq-0.2.0.tgz",
      "integrity": "sha1-tje9O6nqvhIsg+lyBIOusQ0skEo=",
      "requires": {
        "string-convert": "^0.2.0"
      }
    },
    "lodash": {
      "version": "4.17.20",
      "resolved": "http://127.0.0.1:8081/repository/npm-public/lodash/-/lodash-4.17.20.tgz",
      "integrity": "sha512-PlhdFcillOINfeV7Ni6oF1TAEayyZBoZ8bcshTHqOYJYlrqzRK5hagpagky5o4HfCzzd1TRkXPMFq6cKk9rGmA=="
    },
    "lodash-es": {
      "version": "4.17.15",
      "resolved": "http://127.0.0.1:8081/repository/npm-public/lodash-es/-/lodash-es-4.17.15.tgz",
      "integrity": "sha512-rlrc3yU3+JNOpZ9zj5pQtxnx2THmvRykwL4Xlxoa8I9lHBlVbbyPhgyPMioxVZ4NqyxaVVtaJnzsyOidQIhyyQ=="
    },
    "lodash.toarray": {
      "version": "4.4.0",
      "resolved": "http://127.0.0.1:8081/repository/npm-public/lodash.toarray/-/lodash.toarray-4.4.0.tgz",
      "integrity": "sha1-JMS/zWsvuji/0FlNsRedjptlZWE="
    },
    "loose-envify": {
      "version": "1.4.0",
      "resolved": "http://127.0.0.1:8081/repository/npm-public/loose-envify/-/loose-envify-1.4.0.tgz",
      "integrity": "sha512-lyuxPGr/Wfhrlem2CL/UcnUc1zcqKAImBDzukY7Y5F/yQiNdko6+fRLevlw1HgMySw7f611UIY408EtxRSoK3Q==",
      "requires": {
        "js-tokens": "^3.0.0 || ^4.0.0"
      }
    },
    "minimatch": {
      "version": "3.0.4",
      "resolved": "http://127.0.0.1:8081/repository/npm-public/minimatch/-/minimatch-3.0.4.tgz",
      "integrity": "sha512-yJHVQEhyqPLUTgt9B83PXu6W3rx4MvvHvSUvToogpwoGDOUQ+yDrR0HRot+yOCdCO7u4hX3pWft6kWBBcqh0UA==",
      "dev": true,
      "requires": {
        "brace-expansion": "^1.1.7"
      }
    },
    "moment": {
      "version": "2.29.0",
      "resolved": "http://127.0.0.1:8081/repository/npm-public/moment/-/moment-2.29.0.tgz",
      "integrity": "sha512-z6IJ5HXYiuxvFTI6eiQ9dm77uE0gyy1yXNApVHqTcnIKfY9tIwEjlzsZ6u1LQXvVgKeTnv9Xm7NDvJ7lso3MtA=="
    },
    "nanopop": {
      "version": "2.1.0",
      "resolved": "http://127.0.0.1:8081/repository/npm-public/nanopop/-/nanopop-2.1.0.tgz",
      "integrity": "sha512-jGTwpFRexSH+fxappnGQtN9dspgE2ipa1aOjtR24igG0pv6JCxImIAmrLRHX+zUF5+1wtsFVbKyfP51kIGAVNw=="
    },
    "node-emoji": {
      "version": "1.10.0",
      "resolved": "http://127.0.0.1:8081/repository/npm-public/node-emoji/-/node-emoji-1.10.0.tgz",
      "integrity": "sha512-Yt3384If5H6BYGVHiHwTL+99OzJKHhgp82S8/dktEK73T26BazdgZ4JZh92xSVtGNJvz9UbXdNAc5hcrXV42vw==",
      "requires": {
        "lodash.toarray": "^4.4.0"
      }
    },
    "object-assign": {
      "version": "4.1.1",
      "resolved": "http://127.0.0.1:8081/repository/npm-public/object-assign/-/object-assign-4.1.1.tgz",
      "integrity": "sha1-IQmtx5ZYh8/AXLvUQsrIv7s2CGM="
    },
    "omit.js": {
      "version": "2.0.2",
      "resolved": "http://127.0.0.1:8081/repository/npm-public/omit.js/-/omit.js-2.0.2.tgz",
      "integrity": "sha512-hJmu9D+bNB40YpL9jYebQl4lsTW6yEHRTroJzNLqQJYHm7c+NQnJGfZmIWh8S3q3KoaxV1aLhV6B3+0N0/kyJg=="
    },
    "once": {
      "version": "1.4.0",
      "resolved": "http://127.0.0.1:8081/repository/npm-public/once/-/once-1.4.0.tgz",
      "integrity": "sha1-WDsap3WWHUsROsF9nFC6753Xa9E=",
      "dev": true,
      "requires": {
        "wrappy": "1"
      }
    },
    "path-is-absolute": {
      "version": "1.0.1",
      "resolved": "http://127.0.0.1:8081/repository/npm-public/path-is-absolute/-/path-is-absolute-1.0.1.tgz",
      "integrity": "sha1-F0uSaHNVNP+8es5r9TpanhtcX18=",
      "dev": true
    },
    "performance-now": {
      "version": "2.1.0",
      "resolved": "http://127.0.0.1:8081/repository/npm-public/performance-now/-/performance-now-2.1.0.tgz",
      "integrity": "sha1-Ywn04OX6kT7BxpMHrjZLSzd8nns="
    },
    "raf": {
      "version": "3.4.1",
      "resolved": "http://127.0.0.1:8081/repository/npm-public/raf/-/raf-3.4.1.tgz",
      "integrity": "sha512-Sq4CW4QhwOHE8ucn6J34MqtZCeWFP2aQSmrlroYgqAV1PjStIhJXxYuTgUIfkEk7zTLjmIjLmU5q+fbD1NnOJA==",
      "requires": {
        "performance-now": "^2.1.0"
      }
    },
    "regenerator-runtime": {
      "version": "0.13.7",
      "resolved": "http://127.0.0.1:8081/repository/npm-public/regenerator-runtime/-/regenerator-runtime-0.13.7.tgz",
      "integrity": "sha512-a54FxoJDIr27pgf7IgeQGxmqUNYrcV338lf/6gH456HZ/PhX+5BcwHXG9ajESmwe6WRO0tAzRUrRmNONWgkrew=="
    },
    "resize-observer-polyfill": {
      "version": "1.5.1",
      "resolved": "http://127.0.0.1:8081/repository/npm-public/resize-observer-polyfill/-/resize-observer-polyfill-1.5.1.tgz",
      "integrity": "sha512-LwZrotdHOo12nQuZlHEmtuXdqGoOD0OhaxopaNFxWzInpEgaLWoVuAMbTzixuosCx2nEG58ngzW3vxdWoxIgdg=="
    },
    "scroll-into-view-if-needed": {
      "version": "2.2.26",
      "resolved": "http://127.0.0.1:8081/repository/npm-public/scroll-into-view-if-needed/-/scroll-into-view-if-needed-2.2.26.tgz",
      "integrity": "sha512-SQ6AOKfABaSchokAmmaxVnL9IArxEnLEX9j4wAZw+x4iUTb40q7irtHG3z4GtAWz5veVZcCnubXDBRyLVQaohw==",
      "requires": {
        "compute-scroll-into-view": "^1.0.16"
      }
    },
    "shallow-equal": {
      "version": "1.2.1",
      "resolved": "http://127.0.0.1:8081/repository/npm-public/shallow-equal/-/shallow-equal-1.2.1.tgz",
      "integrity": "sha512-S4vJDjHHMBaiZuT9NPb616CSmLf618jawtv3sufLl6ivK8WocjAo58cXwbRV1cgqxH0Qbv+iUt6m05eqEa2IRA=="
    },
    "shallowequal": {
      "version": "1.1.0",
      "resolved": "http://127.0.0.1:8081/repository/npm-public/shallowequal/-/shallowequal-1.1.0.tgz",
      "integrity": "sha512-y0m1JoUZSlPAjXVtPPW70aZWfIL/dSP7AFkRnniLCrK/8MDKog3TySTBmckD+RObVxH0v4Tox67+F14PdED2oQ=="
    },
    "source-map": {
      "version": "0.6.1",
      "resolved": "http://127.0.0.1:8081/repository/npm-public/source-map/-/source-map-0.6.1.tgz",
      "integrity": "sha512-UjgapumWlbMhkBgzT7Ykc5YXUT46F0iKu8SGXq0bcwP5dz/h0Plj6enJqjz1Zbq2l5WaqYnrVbwWOWMyF3F47g=="
    },
    "string-convert": {
      "version": "0.2.1",
      "resolved": "http://127.0.0.1:8081/repository/npm-public/string-convert/-/string-convert-0.2.1.tgz",
      "integrity": "sha1-aYLMMEn7tM2F+LJFaLnZvznu/5c="
    },
    "tinycolor2": {
      "version": "1.4.2",
      "resolved": "http://127.0.0.1:8081/repository/npm-public/tinycolor2/-/tinycolor2-1.4.2.tgz",
      "integrity": "sha512-vJhccZPs965sV/L2sU4oRQVAos0pQXwsvTLkWYdqJ+a8Q5kPFzJTuOFwy7UniPli44NKQGAglksjvOcpo95aZA=="
    },
    "to-fast-properties": {
      "version": "2.0.0",
      "resolved": "http://127.0.0.1:8081/repository/npm-public/to-fast-properties/-/to-fast-properties-2.0.0.tgz",
      "integrity": "sha1-3F5pjL0HkmW8c+A3doGk5Og/YW4="
    },
    "vue": {
      "version": "3.0.0",
      "resolved": "http://127.0.0.1:8081/repository/npm-public/vue/-/vue-3.0.0.tgz",
      "integrity": "sha512-ZMrAARZ32sGIaYKr7Fk2GZEBh/VhulSrGxcGBiAvbN4fhjl3tuJyNFbbbLFqGjndbLoBW66I2ECq8ICdvkKdJw==",
      "requires": {
        "@vue/compiler-dom": "3.0.0",
        "@vue/runtime-dom": "3.0.0",
        "@vue/shared": "3.0.0"
      }
    },
    "vue-router": {
      "version": "3.4.5",
      "resolved": "http://127.0.0.1:8081/repository/npm-public/vue-router/-/vue-router-3.4.5.tgz",
      "integrity": "sha512-ioRY5QyDpXM9TDjOX6hX79gtaMXSVDDzSlbIlyAmbHNteIL81WIVB2e+jbzV23vzxtoV0krdS2XHm+GxFg+Nxg=="
    },
    "vuex": {
      "version": "3.5.1",
      "resolved": "http://127.0.0.1:8081/repository/npm-public/vuex/-/vuex-3.5.1.tgz",
      "integrity": "sha512-w7oJzmHQs0FM9LXodfskhw9wgKBiaB+totOdb8sNzbTB2KDCEEwEs29NzBZFh/lmEK1t5tDmM1vtsO7ubG1DFw=="
    },
    "vuex-class": {
      "version": "0.3.2",
      "resolved": "http://127.0.0.1:8081/repository/npm-public/vuex-class/-/vuex-class-0.3.2.tgz",
      "integrity": "sha512-m0w7/FMsNcwJgunJeM+wcNaHzK2KX1K1rw2WUQf7Q16ndXHo7pflRyOV/E8795JO/7fstyjH3EgqBI4h4n4qXQ=="
    },
    "warning": {
      "version": "4.0.3",
      "resolved": "http://127.0.0.1:8081/repository/npm-public/warning/-/warning-4.0.3.tgz",
      "integrity": "sha512-rpJyN222KWIvHJ/F53XSZv0Zl/accqHR8et1kpaMTD/fLCRxtV8iX8czMzY7sVZupTI3zcUTg8eycS2kNF9l6w==",
      "requires": {
        "loose-envify": "^1.0.0"
      }
    },
    "wrappy": {
      "version": "1.0.2",
      "resolved": "http://127.0.0.1:8081/repository/npm-public/wrappy/-/wrappy-1.0.2.tgz",
      "integrity": "sha1-tSQ9jz7BqjXxNkYFvA0QNuMKtp8=",
      "dev": true
    }
  }
}
